// !$*UTF8*$!
{
	archiveVersion = 1;
	classes = {
	};
	objectVersion = 46;
	objects = {

/* Begin PBXBuildFile section */
		4E995A9C1EFBDDE300CF7479 /* StoreInfo.swift in Sources */ = {isa = PBXBuildFile; fileRef = 4E995A9B1EFBDDE300CF7479 /* StoreInfo.swift */; };
		4EAD3A721EB9B62D00812438 /* AppDelegate.swift in Sources */ = {isa = PBXBuildFile; fileRef = 4EAD3A711EB9B62D00812438 /* AppDelegate.swift */; };
		4EAD3A741EB9B62D00812438 /* ViewController.swift in Sources */ = {isa = PBXBuildFile; fileRef = 4EAD3A731EB9B62D00812438 /* ViewController.swift */; };
		4EAD3A771EB9B62D00812438 /* Main.storyboard in Resources */ = {isa = PBXBuildFile; fileRef = 4EAD3A751EB9B62D00812438 /* Main.storyboard */; };
		4EAD3A791EB9B62D00812438 /* Assets.xcassets in Resources */ = {isa = PBXBuildFile; fileRef = 4EAD3A781EB9B62D00812438 /* Assets.xcassets */; };
		4EAD3A7C1EB9B62D00812438 /* LaunchScreen.storyboard in Resources */ = {isa = PBXBuildFile; fileRef = 4EAD3A7A1EB9B62D00812438 /* LaunchScreen.storyboard */; };
		4EAD3A871EB9B62E00812438 /* eatingTests.swift in Sources */ = {isa = PBXBuildFile; fileRef = 4EAD3A861EB9B62E00812438 /* eatingTests.swift */; };
		4EAD3A921EB9B62E00812438 /* eatingUITests.swift in Sources */ = {isa = PBXBuildFile; fileRef = 4EAD3A911EB9B62E00812438 /* eatingUITests.swift */; };
		4EAD3AA11EB9B9C200812438 /* MapKit.framework in Frameworks */ = {isa = PBXBuildFile; fileRef = 4EAD3AA01EB9B9C200812438 /* MapKit.framework */; };
		4EAD3AA31EBABB1A00812438 /* detailViewController.swift in Sources */ = {isa = PBXBuildFile; fileRef = 4EAD3AA21EBABB1A00812438 /* detailViewController.swift */; };
		4EAD3AA51EBB035E00812438 /* 写真.JPG in Resources */ = {isa = PBXBuildFile; fileRef = 4EAD3AA41EBB035E00812438 /* 写真.JPG */; };
		4EE59CCC1EC476C500B4E9AB /* CellViewController.swift in Sources */ = {isa = PBXBuildFile; fileRef = 4EE59CCB1EC476C500B4E9AB /* CellViewController.swift */; };
/* End PBXBuildFile section */

/* Begin PBXContainerItemProxy section */
		4EAD3A831EB9B62E00812438 /* PBXContainerItemProxy */ = {
			isa = PBXContainerItemProxy;
			containerPortal = 4EAD3A661EB9B62D00812438 /* Project object */;
			proxyType = 1;
			remoteGlobalIDString = 4EAD3A6D1EB9B62D00812438;
			remoteInfo = eating;
		};
		4EAD3A8E1EB9B62E00812438 /* PBXContainerItemProxy */ = {
			isa = PBXContainerItemProxy;
			containerPortal = 4EAD3A661EB9B62D00812438 /* Project object */;
			proxyType = 1;
			remoteGlobalIDString = 4EAD3A6D1EB9B62D00812438;
			remoteInfo = eating;
		};
/* End PBXContainerItemProxy section */

/* Begin PBXFileReference section */
		4E995A9B1EFBDDE300CF7479 /* StoreInfo.swift */ = {isa = PBXFileReference; fileEncoding = 4; lastKnownFileType = sourcecode.swift; path = StoreInfo.swift; sourceTree = "<group>"; };
		4EAD3A6E1EB9B62D00812438 /* eating.app */ = {isa = PBXFileReference; explicitFileType = wrapper.application; includeInIndex = 0; path = eating.app; sourceTree = BUILT_PRODUCTS_DIR; };
		4EAD3A711EB9B62D00812438 /* AppDelegate.swift */ = {isa = PBXFileReference; lastKnownFileType = sourcecode.swift; path = AppDelegate.swift; sourceTree = "<group>"; };
		4EAD3A731EB9B62D00812438 /* ViewController.swift */ = {isa = PBXFileReference; lastKnownFileType = sourcecode.swift; path = ViewController.swift; sourceTree = "<group>"; };
		4EAD3A761EB9B62D00812438 /* Base */ = {isa = PBXFileReference; lastKnownFileType = file.storyboard; name = Base; path = Base.lproj/Main.storyboard; sourceTree = "<group>"; };
		4EAD3A781EB9B62D00812438 /* Assets.xcassets */ = {isa = PBXFileReference; lastKnownFileType = folder.assetcatalog; path = Assets.xcassets; sourceTree = "<group>"; };
		4EAD3A7B1EB9B62D00812438 /* Base */ = {isa = PBXFileReference; lastKnownFileType = file.storyboard; name = Base; path = Base.lproj/LaunchScreen.storyboard; sourceTree = "<group>"; };
		4EAD3A7D1EB9B62D00812438 /* Info.plist */ = {isa = PBXFileReference; lastKnownFileType = text.plist.xml; path = Info.plist; sourceTree = "<group>"; };
		4EAD3A821EB9B62E00812438 /* eatingTests.xctest */ = {isa = PBXFileReference; explicitFileType = wrapper.cfbundle; includeInIndex = 0; path = eatingTests.xctest; sourceTree = BUILT_PRODUCTS_DIR; };
		4EAD3A861EB9B62E00812438 /* eatingTests.swift */ = {isa = PBXFileReference; lastKnownFileType = sourcecode.swift; path = eatingTests.swift; sourceTree = "<group>"; };
		4EAD3A881EB9B62E00812438 /* Info.plist */ = {isa = PBXFileReference; lastKnownFileType = text.plist.xml; path = Info.plist; sourceTree = "<group>"; };
		4EAD3A8D1EB9B62E00812438 /* eatingUITests.xctest */ = {isa = PBXFileReference; explicitFileType = wrapper.cfbundle; includeInIndex = 0; path = eatingUITests.xctest; sourceTree = BUILT_PRODUCTS_DIR; };
		4EAD3A911EB9B62E00812438 /* eatingUITests.swift */ = {isa = PBXFileReference; lastKnownFileType = sourcecode.swift; path = eatingUITests.swift; sourceTree = "<group>"; };
		4EAD3A931EB9B62E00812438 /* Info.plist */ = {isa = PBXFileReference; lastKnownFileType = text.plist.xml; path = Info.plist; sourceTree = "<group>"; };
		4EAD3AA01EB9B9C200812438 /* MapKit.framework */ = {isa = PBXFileReference; lastKnownFileType = wrapper.framework; name = MapKit.framework; path = System/Library/Frameworks/MapKit.framework; sourceTree = SDKROOT; };
		4EAD3AA21EBABB1A00812438 /* detailViewController.swift */ = {isa = PBXFileReference; fileEncoding = 4; lastKnownFileType = sourcecode.swift; path = detailViewController.swift; sourceTree = "<group>"; };
		4EAD3AA41EBB035E00812438 /* 写真.JPG */ = {isa = PBXFileReference; lastKnownFileType = image.jpeg; name = "写真.JPG"; path = "../../../Downloads/写真.JPG"; sourceTree = "<group>"; };
		4EE59CCB1EC476C500B4E9AB /* CellViewController.swift */ = {isa = PBXFileReference; fileEncoding = 4; lastKnownFileType = sourcecode.swift; path = CellViewController.swift; sourceTree = "<group>"; };
/* End PBXFileReference section */

/* Begin PBXFrameworksBuildPhase section */
		4EAD3A6B1EB9B62D00812438 /* Frameworks */ = {
			isa = PBXFrameworksBuildPhase;
			buildActionMask = 2147483647;
			files = (
				4EAD3AA11EB9B9C200812438 /* MapKit.framework in Frameworks */,
			);
			runOnlyForDeploymentPostprocessing = 0;
		};
		4EAD3A7F1EB9B62E00812438 /* Frameworks */ = {
			isa = PBXFrameworksBuildPhase;
			buildActionMask = 2147483647;
			files = (
			);
			runOnlyForDeploymentPostprocessing = 0;
		};
		4EAD3A8A1EB9B62E00812438 /* Frameworks */ = {
			isa = PBXFrameworksBuildPhase;
			buildActionMask = 2147483647;
			files = (
			);
			runOnlyForDeploymentPostprocessing = 0;
		};
/* End PBXFrameworksBuildPhase section */

/* Begin PBXGroup section */
		4EAD3A651EB9B62D00812438 = {
			isa = PBXGroup;
			children = (
				4EAD3A701EB9B62D00812438 /* eating */,
				4EAD3A851EB9B62E00812438 /* eatingTests */,
				4EAD3A901EB9B62E00812438 /* eatingUITests */,
				4EAD3A6F1EB9B62D00812438 /* Products */,
				4EAD3A9F1EB9B9C200812438 /* Frameworks */,
			);
			sourceTree = "<group>";
		};
		4EAD3A6F1EB9B62D00812438 /* Products */ = {
			isa = PBXGroup;
			children = (
				4EAD3A6E1EB9B62D00812438 /* eating.app */,
				4EAD3A821EB9B62E00812438 /* eatingTests.xctest */,
				4EAD3A8D1EB9B62E00812438 /* eatingUITests.xctest */,
			);
			name = Products;
			sourceTree = "<group>";
		};
		4EAD3A701EB9B62D00812438 /* eating */ = {
			isa = PBXGroup;
			children = (
				4EAD3A711EB9B62D00812438 /* AppDelegate.swift */,
				4EAD3A731EB9B62D00812438 /* ViewController.swift */,
				4EAD3AA41EBB035E00812438 /* 写真.JPG */,
				4EAD3A751EB9B62D00812438 /* Main.storyboard */,
				4EAD3A781EB9B62D00812438 /* Assets.xcassets */,
				4EAD3A7A1EB9B62D00812438 /* LaunchScreen.storyboard */,
				4EAD3A7D1EB9B62D00812438 /* Info.plist */,
				4EAD3AA21EBABB1A00812438 /* detailViewController.swift */,
				4EE59CCB1EC476C500B4E9AB /* CellViewController.swift */,
				4E995A9B1EFBDDE300CF7479 /* StoreInfo.swift */,
			);
			path = eating;
			sourceTree = "<group>";
		};
		4EAD3A851EB9B62E00812438 /* eatingTests */ = {
			isa = PBXGroup;
			children = (
				4EAD3A861EB9B62E00812438 /* eatingTests.swift */,
				4EAD3A881EB9B62E00812438 /* Info.plist */,
			);
			path = eatingTests;
			sourceTree = "<group>";
		};
		4EAD3A901EB9B62E00812438 /* eatingUITests */ = {
			isa = PBXGroup;
			children = (
				4EAD3A911EB9B62E00812438 /* eatingUITests.swift */,
				4EAD3A931EB9B62E00812438 /* Info.plist */,
			);
			path = eatingUITests;
			sourceTree = "<group>";
		};
		4EAD3A9F1EB9B9C200812438 /* Frameworks */ = {
			isa = PBXGroup;
			children = (
				4EAD3AA01EB9B9C200812438 /* MapKit.framework */,
			);
			name = Frameworks;
			sourceTree = "<group>";
		};
/* End PBXGroup section */

/* Begin PBXNativeTarget section */
		4EAD3A6D1EB9B62D00812438 /* eating */ = {
			isa = PBXNativeTarget;
			buildConfigurationList = 4EAD3A961EB9B62E00812438 /* Build configuration list for PBXNativeTarget "eating" */;
			buildPhases = (
				4EAD3A6A1EB9B62D00812438 /* Sources */,
				4EAD3A6B1EB9B62D00812438 /* Frameworks */,
				4EAD3A6C1EB9B62D00812438 /* Resources */,
			);
			buildRules = (
			);
			dependencies = (
			);
			name = eating;
			productName = eating;
			productReference = 4EAD3A6E1EB9B62D00812438 /* eating.app */;
			productType = "com.apple.product-type.application";
		};
		4EAD3A811EB9B62E00812438 /* eatingTests */ = {
			isa = PBXNativeTarget;
			buildConfigurationList = 4EAD3A991EB9B62E00812438 /* Build configuration list for PBXNativeTarget "eatingTests" */;
			buildPhases = (
				4EAD3A7E1EB9B62E00812438 /* Sources */,
				4EAD3A7F1EB9B62E00812438 /* Frameworks */,
				4EAD3A801EB9B62E00812438 /* Resources */,
			);
			buildRules = (
			);
			dependencies = (
				4EAD3A841EB9B62E00812438 /* PBXTargetDependency */,
			);
			name = eatingTests;
			productName = eatingTests;
			productReference = 4EAD3A821EB9B62E00812438 /* eatingTests.xctest */;
			productType = "com.apple.product-type.bundle.unit-test";
		};
		4EAD3A8C1EB9B62E00812438 /* eatingUITests */ = {
			isa = PBXNativeTarget;
			buildConfigurationList = 4EAD3A9C1EB9B62E00812438 /* Build configuration list for PBXNativeTarget "eatingUITests" */;
			buildPhases = (
				4EAD3A891EB9B62E00812438 /* Sources */,
				4EAD3A8A1EB9B62E00812438 /* Frameworks */,
				4EAD3A8B1EB9B62E00812438 /* Resources */,
			);
			buildRules = (
			);
			dependencies = (
				4EAD3A8F1EB9B62E00812438 /* PBXTargetDependency */,
			);
			name = eatingUITests;
			productName = eatingUITests;
			productReference = 4EAD3A8D1EB9B62E00812438 /* eatingUITests.xctest */;
			productType = "com.apple.product-type.bundle.ui-testing";
		};
/* End PBXNativeTarget section */

/* Begin PBXProject section */
		4EAD3A661EB9B62D00812438 /* Project object */ = {
			isa = PBXProject;
			attributes = {
				LastSwiftUpdateCheck = 0810;
				LastUpgradeCheck = 0810;
				ORGANIZATIONNAME = mycompany;
				TargetAttributes = {
					4EAD3A6D1EB9B62D00812438 = {
						CreatedOnToolsVersion = 8.1;
						DevelopmentTeam = UP3LGRAGZQ;
						ProvisioningStyle = Automatic;
					};
					4EAD3A811EB9B62E00812438 = {
						CreatedOnToolsVersion = 8.1;
						DevelopmentTeam = UP3LGRAGZQ;
						ProvisioningStyle = Automatic;
						TestTargetID = 4EAD3A6D1EB9B62D00812438;
					};
					4EAD3A8C1EB9B62E00812438 = {
						CreatedOnToolsVersion = 8.1;
						DevelopmentTeam = UP3LGRAGZQ;
						ProvisioningStyle = Automatic;
						TestTargetID = 4EAD3A6D1EB9B62D00812438;
					};
				};
			};
			buildConfigurationList = 4EAD3A691EB9B62D00812438 /* Build configuration list for PBXProject "eating" */;
			compatibilityVersion = "Xcode 3.2";
			developmentRegion = English;
			hasScannedForEncodings = 0;
			knownRegions = (
				en,
				Base,
			);
			mainGroup = 4EAD3A651EB9B62D00812438;
			productRefGroup = 4EAD3A6F1EB9B62D00812438 /* Products */;
			projectDirPath = "";
			projectRoot = "";
			targets = (
				4EAD3A6D1EB9B62D00812438 /* eating */,
				4EAD3A811EB9B62E00812438 /* eatingTests */,
				4EAD3A8C1EB9B62E00812438 /* eatingUITests */,
			);
		};
/* End PBXProject section */

/* Begin PBXResourcesBuildPhase section */
		4EAD3A6C1EB9B62D00812438 /* Resources */ = {
			isa = PBXResourcesBuildPhase;
			buildActionMask = 2147483647;
			files = (
				4EAD3A7C1EB9B62D00812438 /* LaunchScreen.storyboard in Resources */,
				4EAD3AA51EBB035E00812438 /* 写真.JPG in Resources */,
				4EAD3A791EB9B62D00812438 /* Assets.xcassets in Resources */,
				4EAD3A771EB9B62D00812438 /* Main.storyboard in Resources */,
			);
			runOnlyForDeploymentPostprocessing = 0;
		};
		4EAD3A801EB9B62E00812438 /* Resources */ = {
			isa = PBXResourcesBuildPhase;
			buildActionMask = 2147483647;
			files = (
			);
			runOnlyForDeploymentPostprocessing = 0;
		};
		4EAD3A8B1EB9B62E00812438 /* Resources */ = {
			isa = PBXResourcesBuildPhase;
			buildActionMask = 2147483647;
			files = (
			);
			runOnlyForDeploymentPostprocessing = 0;
		};
/* End PBXResourcesBuildPhase section */

/* Begin PBXSourcesBuildPhase section */
		4EAD3A6A1EB9B62D00812438 /* Sources */ = {
			isa = PBXSourcesBuildPhase;
			buildActionMask = 2147483647;
			files = (
				4EAD3A741EB9B62D00812438 /* ViewController.swift in Sources */,
				4EAD3A721EB9B62D00812438 /* AppDelegate.swift in Sources */,
				4EE59CCC1EC476C500B4E9AB /* CellViewController.swift in Sources */,
				4EAD3AA31EBABB1A00812438 /* detailViewController.swift in Sources */,
				4E995A9C1EFBDDE300CF7479 /* StoreInfo.swift in Sources */,
			);
			runOnlyForDeploymentPostprocessing = 0;
		};
		4EAD3A7E1EB9B62E00812438 /* Sources */ = {
			isa = PBXSourcesBuildPhase;
			buildActionMask = 2147483647;
			files = (
				4EAD3A871EB9B62E00812438 /* eatingTests.swift in Sources */,
			);
			runOnlyForDeploymentPostprocessing = 0;
		};
		4EAD3A891EB9B62E00812438 /* Sources */ = {
			isa = PBXSourcesBuildPhase;
			buildActionMask = 2147483647;
			files = (
				4EAD3A921EB9B62E00812438 /* eatingUITests.swift in Sources */,
			);
			runOnlyForDeploymentPostprocessing = 0;
		};
/* End PBXSourcesBuildPhase section */

/* Begin PBXTargetDependency section */
		4EAD3A841EB9B62E00812438 /* PBXTargetDependency */ = {
			isa = PBXTargetDependency;
			target = 4EAD3A6D1EB9B62D00812438 /* eating */;
			targetProxy = 4EAD3A831EB9B62E00812438 /* PBXContainerItemProxy */;
		};
		4EAD3A8F1EB9B62E00812438 /* PBXTargetDependency */ = {
			isa = PBXTargetDependency;
			target = 4EAD3A6D1EB9B62D00812438 /* eating */;
			targetProxy = 4EAD3A8E1EB9B62E00812438 /* PBXContainerItemProxy */;
		};
/* End PBXTargetDependency section */

/* Begin PBXVariantGroup section */
		4EAD3A751EB9B62D00812438 /* Main.storyboard */ = {
			isa = PBXVariantGroup;
			children = (
				4EAD3A761EB9B62D00812438 /* Base */,
			);
			name = Main.storyboard;
			sourceTree = "<group>";
		};
		4EAD3A7A1EB9B62D00812438 /* LaunchScreen.storyboard */ = {
			isa = PBXVariantGroup;
			children = (
				4EAD3A7B1EB9B62D00812438 /* Base */,
			);
			name = LaunchScreen.storyboard;
			sourceTree = "<group>";
		};
/* End PBXVariantGroup section */

/* Begin XCBuildConfiguration section */
		4EAD3A941EB9B62E00812438 /* Debug */ = {
			isa = XCBuildConfiguration;
			buildSettings = {
				ALWAYS_SEARCH_USER_PATHS = NO;
				CLANG_ANALYZER_NONNULL = YES;
				CLANG_CXX_LANGUAGE_STANDARD = "gnu++0x";
				CLANG_CXX_LIBRARY = "libc++";
				CLANG_ENABLE_MODULES = YES;
				CLANG_ENABLE_OBJC_ARC = YES;
				CLANG_WARN_BOOL_CONVERSION = YES;
				CLANG_WARN_CONSTANT_CONVERSION = YES;
				CLANG_WARN_DIRECT_OBJC_ISA_USAGE = YES_ERROR;
				CLANG_WARN_DOCUMENTATION_COMMENTS = YES;
				CLANG_WARN_EMPTY_BODY = YES;
				CLANG_WARN_ENUM_CONVERSION = YES;
				CLANG_WARN_INFINITE_RECURSION = YES;
				CLANG_WARN_INT_CONVERSION = YES;
				CLANG_WARN_OBJC_ROOT_CLASS = YES_ERROR;
				CLANG_WARN_SUSPICIOUS_MOVES = YES;
				CLANG_WARN_UNREACHABLE_CODE = YES;
				CLANG_WARN__DUPLICATE_METHOD_MATCH = YES;
				"CODE_SIGN_IDENTITY[sdk=iphoneos*]" = "iPhone Developer";
				COPY_PHASE_STRIP = NO;
				DEBUG_INFORMATION_FORMAT = dwarf;
				ENABLE_STRICT_OBJC_MSGSEND = YES;
				ENABLE_TESTABILITY = YES;
				GCC_C_LANGUAGE_STANDARD = gnu99;
				GCC_DYNAMIC_NO_PIC = NO;
				GCC_NO_COMMON_BLOCKS = YES;
				GCC_OPTIMIZATION_LEVEL = 0;
				GCC_PREPROCESSOR_DEFINITIONS = (
					"DEBUG=1",
					"$(inherited)",
				);
				GCC_WARN_64_TO_32_BIT_CONVERSION = YES;
				GCC_WARN_ABOUT_RETURN_TYPE = YES_ERROR;
				GCC_WARN_UNDECLARED_SELECTOR = YES;
				GCC_WARN_UNINITIALIZED_AUTOS = YES_AGGRESSIVE;
				GCC_WARN_UNUSED_FUNCTION = YES;
				GCC_WARN_UNUSED_VARIABLE = YES;
				IPHONEOS_DEPLOYMENT_TARGET = 10.1;
				MTL_ENABLE_DEBUG_INFO = YES;
				ONLY_ACTIVE_ARCH = YES;
				SDKROOT = iphoneos;
				SWIFT_ACTIVE_COMPILATION_CONDITIONS = DEBUG;
				SWIFT_OPTIMIZATION_LEVEL = "-Onone";
			};
			name = Debug;
		};
		4EAD3A951EB9B62E00812438 /* Release */ = {
			isa = XCBuildConfiguration;
			buildSettings = {
				ALWAYS_SEARCH_USER_PATHS = NO;
				CLANG_ANALYZER_NONNULL = YES;
				CLANG_CXX_LANGUAGE_STANDARD = "gnu++0x";
				CLANG_CXX_LIBRARY = "libc++";
				CLANG_ENABLE_MODULES = YES;
				CLANG_ENABLE_OBJC_ARC = YES;
				CLANG_WARN_BOOL_CONVERSION = YES;
				CLANG_WARN_CONSTANT_CONVERSION = YES;
				CLANG_WARN_DIRECT_OBJC_ISA_USAGE = YES_ERROR;
				CLANG_WARN_DOCUMENTATION_COMMENTS = YES;
				CLANG_WARN_EMPTY_BODY = YES;
				CLANG_WARN_ENUM_CONVERSION = YES;
				CLANG_WARN_INFINITE_RECURSION = YES;
				CLANG_WARN_INT_CONVERSION = YES;
				CLANG_WARN_OBJC_ROOT_CLASS = YES_ERROR;
				CLANG_WARN_SUSPICIOUS_MOVES = YES;
				CLANG_WARN_UNREACHABLE_CODE = YES;
				CLANG_WARN__DUPLICATE_METHOD_MATCH = YES;
				"CODE_SIGN_IDENTITY[sdk=iphoneos*]" = "iPhone Developer";
				COPY_PHASE_STRIP = NO;
				DEBUG_INFORMATION_FORMAT = "dwarf-with-dsym";
				ENABLE_NS_ASSERTIONS = NO;
				ENABLE_STRICT_OBJC_MSGSEND = YES;
				GCC_C_LANGUAGE_STANDARD = gnu99;
				GCC_NO_COMMON_BLOCKS = YES;
				GCC_WARN_64_TO_32_BIT_CONVERSION = YES;
				GCC_WARN_ABOUT_RETURN_TYPE = YES_ERROR;
				GCC_WARN_UNDECLARED_SELECTOR = YES;
				GCC_WARN_UNINITIALIZED_AUTOS = YES_AGGRESSIVE;
				GCC_WARN_UNUSED_FUNCTION = YES;
				GCC_WARN_UNUSED_VARIABLE = YES;
				IPHONEOS_DEPLOYMENT_TARGET = 10.1;
				MTL_ENABLE_DEBUG_INFO = NO;
				SDKROOT = iphoneos;
				SWIFT_OPTIMIZATION_LEVEL = "-Owholemodule";
				VALIDATE_PRODUCT = YES;
			};
			name = Release;
		};
		4EAD3A971EB9B62E00812438 /* Debug */ = {
			isa = XCBuildConfiguration;
			buildSettings = {
				ASSETCATALOG_COMPILER_APPICON_NAME = AppIcon;
				DEVELOPMENT_TEAM = UP3LGRAGZQ;
				INFOPLIST_FILE = eating/Info.plist;
				IPHONEOS_DEPLOYMENT_TARGET = 10.0;
				LD_RUNPATH_SEARCH_PATHS = "$(inherited) @executable_path/Frameworks";
				PRODUCT_BUNDLE_IDENTIFIER = com.litech.eating;
				PRODUCT_NAME = "$(TARGET_NAME)";
				SWIFT_VERSION = 3.0;
			};
			name = Debug;
		};
		4EAD3A981EB9B62E00812438 /* Release */ = {
			isa = XCBuildConfiguration;
			buildSettings = {
				ASSETCATALOG_COMPILER_APPICON_NAME = AppIcon;
				DEVELOPMENT_TEAM = UP3LGRAGZQ;
				INFOPLIST_FILE = eating/Info.plist;
				IPHONEOS_DEPLOYMENT_TARGET = 10.0;
				LD_RUNPATH_SEARCH_PATHS = "$(inherited) @executable_path/Frameworks";
				PRODUCT_BUNDLE_IDENTIFIER = com.litech.eating;
				PRODUCT_NAME = "$(TARGET_NAME)";
				SWIFT_VERSION = 3.0;
			};
			name = Release;
		};
		4EAD3A9A1EB9B62E00812438 /* Debug */ = {
			isa = XCBuildConfiguration;
			buildSettings = {
				ALWAYS_EMBED_SWIFT_STANDARD_LIBRARIES = YES;
				BUNDLE_LOADER = "$(TEST_HOST)";
				DEVELOPMENT_TEAM = UP3LGRAGZQ;
				INFOPLIST_FILE = eatingTests/Info.plist;
				LD_RUNPATH_SEARCH_PATHS = "$(inherited) @executable_path/Frameworks @loader_path/Frameworks";
				PRODUCT_BUNDLE_IDENTIFIER = com.litech.eatingTests;
				PRODUCT_NAME = "$(TARGET_NAME)";
				SWIFT_VERSION = 3.0;
				TEST_HOST = "$(BUILT_PRODUCTS_DIR)/eating.app/eating";
			};
			name = Debug;
		};
		4EAD3A9B1EB9B62E00812438 /* Release */ = {
			isa = XCBuildConfiguration;
			buildSettings = {
				ALWAYS_EMBED_SWIFT_STANDARD_LIBRARIES = YES;
				BUNDLE_LOADER = "$(TEST_HOST)";
				DEVELOPMENT_TEAM = UP3LGRAGZQ;
				INFOPLIST_FILE = eatingTests/Info.plist;
				LD_RUNPATH_SEARCH_PATHS = "$(inherited) @executable_path/Frameworks @loader_path/Frameworks";
				PRODUCT_BUNDLE_IDENTIFIER = com.litech.eatingTests;
				PRODUCT_NAME = "$(TARGET_NAME)";
				SWIFT_VERSION = 3.0;
				TEST_HOST = "$(BUILT_PRODUCTS_DIR)/eating.app/eating";
			};
			name = Release;
		};
		4EAD3A9D1EB9B62E00812438 /* Debug */ = {
			isa = XCBuildConfiguration;
			buildSettings = {
				ALWAYS_EMBED_SWIFT_STANDARD_LIBRARIES = YES;
				DEVELOPMENT_TEAM = UP3LGRAGZQ;
				INFOPLIST_FILE = eatingUITests/Info.plist;
				LD_RUNPATH_SEARCH_PATHS = "$(inherited) @executable_path/Frameworks @loader_path/Frameworks";
				PRODUCT_BUNDLE_IDENTIFIER = com.litech.eatingUITests;
				PRODUCT_NAME = "$(TARGET_NAME)";
				SWIFT_VERSION = 3.0;
				TEST_TARGET_NAME = eating;
			};
			name = Debug;
		};
		4EAD3A9E1EB9B62E00812438 /* Release */ = {
			isa = XCBuildConfiguration;
			buildSettings = {
				ALWAYS_EMBED_SWIFT_STANDARD_LIBRARIES = YES;
				DEVELOPMENT_TEAM = UP3LGRAGZQ;
				INFOPLIST_FILE = eatingUITests/Info.plist;
				LD_RUNPATH_SEARCH_PATHS = "$(inherited) @executable_path/Frameworks @loader_path/Frameworks";
				PRODUCT_BUNDLE_IDENTIFIER = com.litech.eatingUITests;
				PRODUCT_NAME = "$(TARGET_NAME)";
				SWIFT_VERSION = 3.0;
				TEST_TARGET_NAME = eating;
			};
			name = Release;
		};
/* End XCBuildConfiguration section */

/* Begin XCConfigurationList section */
		4EAD3A691EB9B62D00812438 /* Build configuration list for PBXProject "eating" */ = {
			isa = XCConfigurationList;
			buildConfigurations = (
				4EAD3A941EB9B62E00812438 /* Debug */,
				4EAD3A951EB9B62E00812438 /* Release */,
			);
			defaultConfigurationIsVisible = 0;
			defaultConfigurationName = Release;
		};
		4EAD3A961EB9B62E00812438 /* Build configuration list for PBXNativeTarget "eating" */ = {
			isa = XCConfigurationList;
			buildConfigurations = (
				4EAD3A971EB9B62E00812438 /* Debug */,
				4EAD3A981EB9B62E00812438 /* Release */,
			);
			defaultConfigurationIsVisible = 0;
			defaultConfigurationName = Release;
		};
		4EAD3A991EB9B62E00812438 /* Build configuration list for PBXNativeTarget "eatingTests" */ = {
			isa = XCConfigurationList;
			buildConfigurations = (
				4EAD3A9A1EB9B62E00812438 /* Debug */,
				4EAD3A9B1EB9B62E00812438 /* Release */,
			);
			defaultConfigurationIsVisible = 0;
			defaultConfigurationName = Release;
		};
		4EAD3A9C1EB9B62E00812438 /* Build configuration list for PBXNativeTarget "eatingUITests" */ = {
			isa = XCConfigurationList;
			buildConfigurations = (
				4EAD3A9D1EB9B62E00812438 /* Debug */,
				4EAD3A9E1EB9B62E00812438 /* Release */,
			);
			defaultConfigurationIsVisible = 0;
			defaultConfigurationName = Release;
		};
/* End XCConfigurationList section */
	};
	rootObject = 4EAD3A661EB9B62D00812438 /* Project object */;
}
